
Microsoft Visual Studio Solution File, Format Version 12.00
# Visual Studio Version 16
VisualStudioVersion = 16.0.30517.126
MinimumVisualStudioVersion = 10.0.40219.1
Project("{9A19103F-16F7-4668-BE54-9A1E7A4F7556}") = "MyHospitalCalendar.API", "MyHospitalCalendar.API\MyHospitalCalendar.API.csproj", "{667A6218-FE5B-4C22-AFF5-789E8EB55D5E}"
EndProject
Project("{9A19103F-16F7-4668-BE54-9A1E7A4F7556}") = "MyHospitalCalendar.Core", "..\MyHospitalCalendar.Core\MyHospitalCalendar.Core.csproj", "{6EA55223-5AF4-4646-B09C-0FB4550FCC1C}"
EndProject
Project("{9A19103F-16F7-4668-BE54-9A1E7A4F7556}") = "MyHospitalCalendar.Infrastructure", "..\MyHospitalCalendar.Infrastructure\MyHospitalCalendar.Infrastructure.csproj", "{579E26EA-65EB-4488-93A8-871B8E56EC11}"
EndProject
Project("{2150E333-8FDC-42A3-9474-1A3956D46DE8}") = "src", "src", "{1836C28D-FCC6-4754-AE59-2AE2C9BC8314}"
EndProject
Project("{2150E333-8FDC-42A3-9474-1A3956D46DE8}") = "tests", "tests", "{564736EE-C9B8-416F-89EC-8AB11FD7E321}"
EndProject
Project("{9A19103F-16F7-4668-BE54-9A1E7A4F7556}") = "MyHospitalCalendar.Core.Test", "..\..\tests\MyHospitalCalendar.Core.Test\MyHospitalCalendar.Core.Test.csproj", "{D1C01356-D611-46B5-9687-51485A9FD10C}"
EndProject
Global
	GlobalSection(SolutionConfigurationPlatforms) = preSolution
		Debug|Any CPU = Debug|Any CPU
		Release|Any CPU = Release|Any CPU
	EndGlobalSection
	GlobalSection(ProjectConfigurationPlatforms) = postSolution
		{667A6218-FE5B-4C22-AFF5-789E8EB55D5E}.Debug|Any CPU.ActiveCfg = Debug|Any CPU
		{667A6218-FE5B-4C22-AFF5-789E8EB55D5E}.Debug|Any CPU.Build.0 = Debug|Any CPU
		{667A6218-FE5B-4C22-AFF5-789E8EB55D5E}.Release|Any CPU.ActiveCfg = Release|Any CPU
		{667A6218-FE5B-4C22-AFF5-789E8EB55D5E}.Release|Any CPU.Build.0 = Release|Any CPU
		{6EA55223-5AF4-4646-B09C-0FB4550FCC1C}.Debug|Any CPU.ActiveCfg = Debug|Any CPU
		{6EA55223-5AF4-4646-B09C-0FB4550FCC1C}.Debug|Any CPU.Build.0 = Debug|Any CPU
		{6EA55223-5AF4-4646-B09C-0FB4550FCC1C}.Release|Any CPU.ActiveCfg = Release|Any CPU
		{6EA55223-5AF4-4646-B09C-0FB4550FCC1C}.Release|Any CPU.Build.0 = Release|Any CPU
		{579E26EA-65EB-4488-93A8-871B8E56EC11}.Debug|Any CPU.ActiveCfg = Debug|Any CPU
		{579E26EA-65EB-4488-93A8-871B8E56EC11}.Debug|Any CPU.Build.0 = Debug|Any CPU
		{579E26EA-65EB-4488-93A8-871B8E56EC11}.Release|Any CPU.ActiveCfg = Release|Any CPU
		{579E26EA-65EB-4488-93A8-871B8E56EC11}.Release|Any CPU.Build.0 = Release|Any CPU
		{D1C01356-D611-46B5-9687-51485A9FD10C}.Debug|Any CPU.ActiveCfg = Debug|Any CPU
		{D1C01356-D611-46B5-9687-51485A9FD10C}.Debug|Any CPU.Build.0 = Debug|Any CPU
		{D1C01356-D611-46B5-9687-51485A9FD10C}.Release|Any CPU.ActiveCfg = Release|Any CPU
		{D1C01356-D611-46B5-9687-51485A9FD10C}.Release|Any CPU.Build.0 = Release|Any CPU
	EndGlobalSection
	GlobalSection(SolutionProperties) = preSolution
		HideSolutionNode = FALSE
	EndGlobalSection
	GlobalSection(NestedProjects) = preSolution
		{667A6218-FE5B-4C22-AFF5-789E8EB55D5E} = {1836C28D-FCC6-4754-AE59-2AE2C9BC8314}
		{6EA55223-5AF4-4646-B09C-0FB4550FCC1C} = {1836C28D-FCC6-4754-AE59-2AE2C9BC8314}
		{579E26EA-65EB-4488-93A8-871B8E56EC11} = {1836C28D-FCC6-4754-AE59-2AE2C9BC8314}
		{D1C01356-D611-46B5-9687-51485A9FD10C} = {564736EE-C9B8-416F-89EC-8AB11FD7E321}
	EndGlobalSection
	GlobalSection(ExtensibilityGlobals) = postSolution
		SolutionGuid = {E15811B5-0BC8-45D2-AB5A-3BF7FE259FFB}
	EndGlobalSection
EndGlobal
